
Microsoft Visual Studio Solution File, Format Version 12.00
Project("{FAE04EC0-301F-11D3-BF4B-00C04F79EFBC}") = "POOManor", "POOManor\POOManor.csproj", "{B21E3E43-E220-43EB-B7CC-B015F31538BB}"
EndProject
Global
	GlobalSection(SolutionConfigurationPlatforms) = preSolution
		Debug|Any CPU = Debug|Any CPU
		Release|Any CPU = Release|Any CPU
	EndGlobalSection
	GlobalSection(ProjectConfigurationPlatforms) = postSolution
		{B21E3E43-E220-43EB-B7CC-B015F31538BB}.Debug|Any CPU.ActiveCfg = Debug|Any CPU
		{B21E3E43-E220-43EB-B7CC-B015F31538BB}.Debug|Any CPU.Build.0 = Debug|Any CPU
		{B21E3E43-E220-43EB-B7CC-B015F31538BB}.Release|Any CPU.ActiveCfg = Release|Any CPU
		{B21E3E43-E220-43EB-B7CC-B015F31538BB}.Release|Any CPU.Build.0 = Release|Any CPU
	EndGlobalSection
EndGlobal
